
Microsoft Visual Studio Solution File, Format Version 12.00
# Visual Studio Version 17
VisualStudioVersion = 17.4.33122.133
MinimumVisualStudioVersion = 10.0.40219.1
Project("{9A19103F-16F7-4668-BE54-9A1E7A4F7556}") = "Model", "Model\Model.csproj", "{0FDD0290-ACD5-4B81-8029-2863F6A33706}"
EndProject
Project("{FAE04EC0-301F-11D3-BF4B-00C04F79EFBC}") = "ViewModel", "ViewModel\ViewModel.csproj", "{1CCC7A62-C7F3-453C-B8CA-465FD225DD2F}"
EndProject
Project("{FAE04EC0-301F-11D3-BF4B-00C04F79EFBC}") = "View", "View\View.csproj", "{C38B0A33-7440-4F57-B575-44BBF3B69A5A}"
EndProject
Global
	GlobalSection(SolutionConfigurationPlatforms) = preSolution
		Debug|Any CPU = Debug|Any CPU
		Release|Any CPU = Release|Any CPU
	EndGlobalSection
	GlobalSection(ProjectConfigurationPlatforms) = postSolution
		{0FDD0290-ACD5-4B81-8029-2863F6A33706}.Debug|Any CPU.ActiveCfg = Debug|Any CPU
		{0FDD0290-ACD5-4B81-8029-2863F6A33706}.Debug|Any CPU.Build.0 = Debug|Any CPU
		{0FDD0290-ACD5-4B81-8029-2863F6A33706}.Release|Any CPU.ActiveCfg = Release|Any CPU
		{0FDD0290-ACD5-4B81-8029-2863F6A33706}.Release|Any CPU.Build.0 = Release|Any CPU
		{1CCC7A62-C7F3-453C-B8CA-465FD225DD2F}.Debug|Any CPU.ActiveCfg = Debug|Any CPU
		{1CCC7A62-C7F3-453C-B8CA-465FD225DD2F}.Debug|Any CPU.Build.0 = Debug|Any CPU
		{1CCC7A62-C7F3-453C-B8CA-465FD225DD2F}.Release|Any CPU.ActiveCfg = Release|Any CPU
		{1CCC7A62-C7F3-453C-B8CA-465FD225DD2F}.Release|Any CPU.Build.0 = Release|Any CPU
		{C38B0A33-7440-4F57-B575-44BBF3B69A5A}.Debug|Any CPU.ActiveCfg = Debug|Any CPU
		{C38B0A33-7440-4F57-B575-44BBF3B69A5A}.Debug|Any CPU.Build.0 = Debug|Any CPU
		{C38B0A33-7440-4F57-B575-44BBF3B69A5A}.Release|Any CPU.ActiveCfg = Release|Any CPU
		{C38B0A33-7440-4F57-B575-44BBF3B69A5A}.Release|Any CPU.Build.0 = Release|Any CPU
	EndGlobalSection
	GlobalSection(SolutionProperties) = preSolution
		HideSolutionNode = FALSE
	EndGlobalSection
	GlobalSection(ExtensibilityGlobals) = postSolution
		SolutionGuid = {425A150E-FA59-4279-B49E-4EA21750EA87}
	EndGlobalSection
EndGlobal
